
Microsoft Visual Studio Solution File, Format Version 12.00
# Visual Studio Version 17
VisualStudioVersion = 17.0.32112.339
MinimumVisualStudioVersion = 10.0.40219.1
Project("{FAE04EC0-301F-11D3-BF4B-00C04F79EFBC}") = "RealTimeCharts.Server", "RealTimeCharts.Server\RealTimeCharts.Server.csproj", "{A138F36C-5072-4ECA-936D-D1DBAD4E2700}"
EndProject
Global
	GlobalSection(SolutionConfigurationPlatforms) = preSolution
		Debug|Any CPU = Debug|Any CPU
		Release|Any CPU = Release|Any CPU
	EndGlobalSection
	GlobalSection(ProjectConfigurationPlatforms) = postSolution
		{A138F36C-5072-4ECA-936D-D1DBAD4E2700}.Debug|Any CPU.ActiveCfg = Debug|Any CPU
		{A138F36C-5072-4ECA-936D-D1DBAD4E2700}.Debug|Any CPU.Build.0 = Debug|Any CPU
		{A138F36C-5072-4ECA-936D-D1DBAD4E2700}.Release|Any CPU.ActiveCfg = Release|Any CPU
		{A138F36C-5072-4ECA-936D-D1DBAD4E2700}.Release|Any CPU.Build.0 = Release|Any CPU
	EndGlobalSection
	GlobalSection(SolutionProperties) = preSolution
		HideSolutionNode = FALSE
	EndGlobalSection
	GlobalSection(ExtensibilityGlobals) = postSolution
		SolutionGuid = {01B89279-7C7C-44E0-8D68-8F3D115B460D}
	EndGlobalSection
EndGlobal
